Microsoft Visual Studio Solution File, Format Version 12.00
# Visual Studio Version 17
VisualStudioVersion = 17.5.2.0
MinimumVisualStudioVersion = 10.0.40219.1
Project("{FAE04EC0-301F-11D3-BF4B-00C04F79EFBC}") = "C# Basics", "C# Basics.csproj", "{EAA43BD8-C198-0052-A508-A1242F3B855F}"
EndProject
Global
	GlobalSection(SolutionConfigurationPlatforms) = preSolution
		Debug|Any CPU = Debug|Any CPU
		Release|Any CPU = Release|Any CPU
	EndGlobalSection
	GlobalSection(ProjectConfigurationPlatforms) = postSolution
		{EAA43BD8-C198-0052-A508-A1242F3B855F}.Debug|Any CPU.ActiveCfg = Debug|Any CPU
		{EAA43BD8-C198-0052-A508-A1242F3B855F}.Debug|Any CPU.Build.0 = Debug|Any CPU
		{EAA43BD8-C198-0052-A508-A1242F3B855F}.Release|Any CPU.ActiveCfg = Release|Any CPU
		{EAA43BD8-C198-0052-A508-A1242F3B855F}.Release|Any CPU.Build.0 = Release|Any CPU
	EndGlobalSection
	GlobalSection(SolutionProperties) = preSolution
		HideSolutionNode = FALSE
	EndGlobalSection
	GlobalSection(ExtensibilityGlobals) = postSolution
		SolutionGuid = {2717E382-A7ED-48D7-A35F-5C92EF6C9AD9}
	EndGlobalSection
EndGlobal
